
Microsoft Visual Studio Solution File, Format Version 12.00
# Visual Studio Version 16
VisualStudioVersion = 16.0.810.22
MinimumVisualStudioVersion = 10.0.40219.1
Project("{FAE04EC0-301F-11D3-BF4B-00C04F79EFBC}") = "Snake", "Snake.csproj", "{EFB5EE48-9C31-4E0A-BF99-21F4A7D65BFC}"
EndProject
Global
	GlobalSection(SolutionConfigurationPlatforms) = preSolution
		Debug|Any CPU = Debug|Any CPU
		Release|Any CPU = Release|Any CPU
	EndGlobalSection
	GlobalSection(ProjectConfigurationPlatforms) = postSolution
		{EFB5EE48-9C31-4E0A-BF99-21F4A7D65BFC}.Debug|Any CPU.ActiveCfg = Debug|Any CPU
		{EFB5EE48-9C31-4E0A-BF99-21F4A7D65BFC}.Debug|Any CPU.Build.0 = Debug|Any CPU
		{EFB5EE48-9C31-4E0A-BF99-21F4A7D65BFC}.Release|Any CPU.ActiveCfg = Release|Any CPU
		{EFB5EE48-9C31-4E0A-BF99-21F4A7D65BFC}.Release|Any CPU.Build.0 = Release|Any CPU
	EndGlobalSection
	GlobalSection(SolutionProperties) = preSolution
		HideSolutionNode = FALSE
	EndGlobalSection
	GlobalSection(ExtensibilityGlobals) = postSolution
		SolutionGuid = {7C3828F1-E80A-47E2-819B-60D7AC12317B}
	EndGlobalSection
EndGlobal
